{
  "name": "instaswipe",
  "version": "1.0.0",
  "lockfileVersion": 1,
  "requires": true,
  "dependencies": {
    "@types/node": {
      "version": "12.6.0",
      "resolved": "https://registry.npmjs.org/@types/node/-/node-12.6.0.tgz",
      "integrity": "sha512-dVeOVH/lhZ2Cki5Emh0aKeXUcWG1+EDTkqyzdgPe0ZjzgvBhzSFlogc6rm8uUd0I+XGK5fcp9DsMv5Wofe0/3w=="
    },
    "buffer-image-size": {
      "version": "0.6.4",
      "resolved": "https://registry.npmjs.org/buffer-image-size/-/buffer-image-size-0.6.4.tgz",
      "integrity": "sha512-nEh+kZOPY1w+gcCMobZ6ETUp9WfibndnosbpwB1iJk/8Gt5ZF2bhS6+B6bPYz424KtwsR6Rflc3tCz1/ghX2dQ==",
      "requires": {
        "@types/node": "*"
      }
    },
    "drawable": {
      "version": "0.3.0",
      "resolved": "https://registry.npmjs.org/drawable/-/drawable-0.3.0.tgz",
      "integrity": "sha1-Im/BKUV0vdFnti20zyRiAePpgbs=",
      "requires": {
        "canvas": "2.0.0-alpha.4",
        "image-size": "^0.6.1",
        "is-buffer": "^1.1.5"
      },
      "dependencies": {
        "canvas": {
          "version": "2.0.0-alpha.4",
          "resolved": "https://registry.npmjs.org/canvas/-/canvas-2.0.0-alpha.4.tgz",
          "integrity": "sha512-BIgWFIJbPWBtfglAmXUZKtEOehnjfzvtVo/lzy7kz48bhGWVhuWULUXbJba9D+SjUVFrowKzEcu4Nk3OsbnAAQ==",
          "requires": {
            "nan": "^2.4.0"
          }
        },
        "is-buffer": {
          "version": "1.1.6",
          "resolved": "https://registry.npmjs.org/is-buffer/-/is-buffer-1.1.6.tgz",
          "integrity": "sha512-NcdALwpXkTm5Zvvbk7owOUSvVvBKDgKP5/ewfXEznmQFfs4ZRmanOeKBTjRVjka3QFoN6XJ+9F3USqfHqTaU5w=="
        }
      }
    },
    "image-size": {
      "version": "0.6.1",
      "resolved": "https://registry.npmjs.org/image-size/-/image-size-0.6.1.tgz",
      "integrity": "sha512-lHMlI2MykfeHAQdtydQh4fTcBQVf4zLTA91w1euBe9rbmAfJ/iyzMh8H3KD9u1RldlHaMS3tmMV5TEe9BkmW9g=="
    },
    "nan": {
      "version": "2.14.0",
      "resolved": "https://registry.npmjs.org/nan/-/nan-2.14.0.tgz",
      "integrity": "sha512-INOFj37C7k3AfaNTtX8RhsTw7qRy7eLET14cROi9+5HAVbbHuIWUHEauBv5qT4Av2tWasiTY1Jw6puUNqRJXQg=="
    }
  }
}
